// !$*UTF8*$!
{
	archiveVersion = 1;
	classes = {
	};
	objectVersion = 50;
	objects = {

/* Begin PBXBuildFile section */
		214495632627F3B400BB2441 /* AppDelegate.swift in Sources */ = {isa = PBXBuildFile; fileRef = 214495622627F3B400BB2441 /* AppDelegate.swift */; };
		214495652627F3B400BB2441 /* SceneDelegate.swift in Sources */ = {isa = PBXBuildFile; fileRef = 214495642627F3B400BB2441 /* SceneDelegate.swift */; };
		214495672627F3B400BB2441 /* ViewController.swift in Sources */ = {isa = PBXBuildFile; fileRef = 214495662627F3B400BB2441 /* ViewController.swift */; };
		2144956A2627F3B400BB2441 /* Main.storyboard in Resources */ = {isa = PBXBuildFile; fileRef = 214495682627F3B400BB2441 /* Main.storyboard */; };
		2144956C2627F3B500BB2441 /* Assets.xcassets in Resources */ = {isa = PBXBuildFile; fileRef = 2144956B2627F3B500BB2441 /* Assets.xcassets */; };
		2144956F2627F3B500BB2441 /* LaunchScreen.storyboard in Resources */ = {isa = PBXBuildFile; fileRef = 2144956D2627F3B500BB2441 /* LaunchScreen.storyboard */; };
		214495782628256700BB2441 /* popViewController.swift in Sources */ = {isa = PBXBuildFile; fileRef = 214495772628256700BB2441 /* popViewController.swift */; };
/* End PBXBuildFile section */

/* Begin PBXFileReference section */
		2144955F2627F3B400BB2441 /* popup.app */ = {isa = PBXFileReference; explicitFileType = wrapper.application; includeInIndex = 0; path = popup.app; sourceTree = BUILT_PRODUCTS_DIR; };
		214495622627F3B400BB2441 /* AppDelegate.swift */ = {isa = PBXFileReference; lastKnownFileType = sourcecode.swift; path = AppDelegate.swift; sourceTree = "<group>"; };
		214495642627F3B400BB2441 /* SceneDelegate.swift */ = {isa = PBXFileReference; lastKnownFileType = sourcecode.swift; path = SceneDelegate.swift; sourceTree = "<group>"; };
		214495662627F3B400BB2441 /* ViewController.swift */ = {isa = PBXFileReference; lastKnownFileType = sourcecode.swift; path = ViewController.swift; sourceTree = "<group>"; };
		214495692627F3B400BB2441 /* Base */ = {isa = PBXFileReference; lastKnownFileType = file.storyboard; name = Base; path = Base.lproj/Main.storyboard; sourceTree = "<group>"; };
		2144956B2627F3B500BB2441 /* Assets.xcassets */ = {isa = PBXFileReference; lastKnownFileType = folder.assetcatalog; path = Assets.xcassets; sourceTree = "<group>"; };
		2144956E2627F3B500BB2441 /* Base */ = {isa = PBXFileReference; lastKnownFileType = file.storyboard; name = Base; path = Base.lproj/LaunchScreen.storyboard; sourceTree = "<group>"; };
		214495702627F3B500BB2441 /* Info.plist */ = {isa = PBXFileReference; lastKnownFileType = text.plist.xml; path = Info.plist; sourceTree = "<group>"; };
		214495772628256700BB2441 /* popViewController.swift */ = {isa = PBXFileReference; lastKnownFileType = sourcecode.swift; path = popViewController.swift; sourceTree = "<group>"; };
/* End PBXFileReference section */

/* Begin PBXFrameworksBuildPhase section */
		2144955C2627F3B400BB2441 /* Frameworks */ = {
			isa = PBXFrameworksBuildPhase;
			buildActionMask = 2147483647;
			files = (
			);
			runOnlyForDeploymentPostprocessing = 0;
		};
/* End PBXFrameworksBuildPhase section */

/* Begin PBXGroup section */
		214495562627F3B400BB2441 = {
			isa = PBXGroup;
			children = (
				214495612627F3B400BB2441 /* popup */,
				214495602627F3B400BB2441 /* Products */,
			);
			sourceTree = "<group>";
		};
		214495602627F3B400BB2441 /* Products */ = {
			isa = PBXGroup;
			children = (
				2144955F2627F3B400BB2441 /* popup.app */,
			);
			name = Products;
			sourceTree = "<group>";
		};
		214495612627F3B400BB2441 /* popup */ = {
			isa = PBXGroup;
			children = (
				214495622627F3B400BB2441 /* AppDelegate.swift */,
				214495642627F3B400BB2441 /* SceneDelegate.swift */,
				214495662627F3B400BB2441 /* ViewController.swift */,
				214495682627F3B400BB2441 /* Main.storyboard */,
				2144956B2627F3B500BB2441 /* Assets.xcassets */,
				2144956D2627F3B500BB2441 /* LaunchScreen.storyboard */,
				214495702627F3B500BB2441 /* Info.plist */,
				214495772628256700BB2441 /* popViewController.swift */,
			);
			path = popup;
			sourceTree = "<group>";
		};
/* End PBXGroup section */

/* Begin PBXNativeTarget section */
		2144955E2627F3B400BB2441 /* popup */ = {
			isa = PBXNativeTarget;
			buildConfigurationList = 214495732627F3B500BB2441 /* Build configuration list for PBXNativeTarget "popup" */;
			buildPhases = (
				2144955B2627F3B400BB2441 /* Sources */,
				2144955C2627F3B400BB2441 /* Frameworks */,
				2144955D2627F3B400BB2441 /* Resources */,
			);
			buildRules = (
			);
			dependencies = (
			);
			name = popup;
			productName = popup;
			productReference = 2144955F2627F3B400BB2441 /* popup.app */;
			productType = "com.apple.product-type.application";
		};
/* End PBXNativeTarget section */

/* Begin PBXProject section */
		214495572627F3B400BB2441 /* Project object */ = {
			isa = PBXProject;
			attributes = {
				LastSwiftUpdateCheck = 1240;
				LastUpgradeCheck = 1240;
				TargetAttributes = {
					2144955E2627F3B400BB2441 = {
						CreatedOnToolsVersion = 12.4;
					};
				};
			};
			buildConfigurationList = 2144955A2627F3B400BB2441 /* Build configuration list for PBXProject "popup" */;
			compatibilityVersion = "Xcode 9.3";
			developmentRegion = en;
			hasScannedForEncodings = 0;
			knownRegions = (
				en,
				Base,
			);
			mainGroup = 214495562627F3B400BB2441;
			productRefGroup = 214495602627F3B400BB2441 /* Products */;
			projectDirPath = "";
			projectRoot = "";
			targets = (
				2144955E2627F3B400BB2441 /* popup */,
			);
		};
/* End PBXProject section */

/* Begin PBXResourcesBuildPhase section */
		2144955D2627F3B400BB2441 /* Resources */ = {
			isa = PBXResourcesBuildPhase;
			buildActionMask = 2147483647;
			files = (
				2144956F2627F3B500BB2441 /* LaunchScreen.storyboard in Resources */,
				2144956C2627F3B500BB2441 /* Assets.xcassets in Resources */,
				2144956A2627F3B400BB2441 /* Main.storyboard in Resources */,
			);
			runOnlyForDeploymentPostprocessing = 0;
		};
/* End PBXResourcesBuildPhase section */

/* Begin PBXSourcesBuildPhase section */
		2144955B2627F3B400BB2441 /* Sources */ = {
			isa = PBXSourcesBuildPhase;
			buildActionMask = 2147483647;
			files = (
				214495782628256700BB2441 /* popViewController.swift in Sources */,
				214495672627F3B400BB2441 /* ViewController.swift in Sources */,
				214495632627F3B400BB2441 /* AppDelegate.swift in Sources */,
				214495652627F3B400BB2441 /* SceneDelegate.swift in Sources */,
			);
			runOnlyForDeploymentPostprocessing = 0;
		};
/* End PBXSourcesBuildPhase section */

/* Begin PBXVariantGroup section */
		214495682627F3B400BB2441 /* Main.storyboard */ = {
			isa = PBXVariantGroup;
			children = (
				214495692627F3B400BB2441 /* Base */,
			);
			name = Main.storyboard;
			sourceTree = "<group>";
		};
		2144956D2627F3B500BB2441 /* LaunchScreen.storyboard */ = {
			isa = PBXVariantGroup;
			children = (
				2144956E2627F3B500BB2441 /* Base */,
			);
			name = LaunchScreen.storyboard;
			sourceTree = "<group>";
		};
/* End PBXVariantGroup section */

/* Begin XCBuildConfiguration section */
		214495712627F3B500BB2441 /* Debug */ = {
			isa = XCBuildConfiguration;
			buildSettings = {
				ALWAYS_SEARCH_USER_PATHS = NO;
				CLANG_ANALYZER_NONNULL = YES;
				CLANG_ANALYZER_NUMBER_OBJECT_CONVERSION = YES_AGGRESSIVE;
				CLANG_CXX_LANGUAGE_STANDARD = "gnu++14";
				CLANG_CXX_LIBRARY = "libc++";
				CLANG_ENABLE_MODULES = YES;
				CLANG_ENABLE_OBJC_ARC = YES;
				CLANG_ENABLE_OBJC_WEAK = YES;
				CLANG_WARN_BLOCK_CAPTURE_AUTORELEASING = YES;
				CLANG_WARN_BOOL_CONVERSION = YES;
				CLANG_WARN_COMMA = YES;
				CLANG_WARN_CONSTANT_CONVERSION = YES;
				CLANG_WARN_DEPRECATED_OBJC_IMPLEMENTATIONS = YES;
				CLANG_WARN_DIRECT_OBJC_ISA_USAGE = YES_ERROR;
				CLANG_WARN_DOCUMENTATION_COMMENTS = YES;
				CLANG_WARN_EMPTY_BODY = YES;
				CLANG_WARN_ENUM_CONVERSION = YES;
				CLANG_WARN_INFINITE_RECURSION = YES;
				CLANG_WARN_INT_CONVERSION = YES;
				CLANG_WARN_NON_LITERAL_NULL_CONVERSION = YES;
				CLANG_WARN_OBJC_IMPLICIT_RETAIN_SELF = YES;
				CLANG_WARN_OBJC_LITERAL_CONVERSION = YES;
				CLANG_WARN_OBJC_ROOT_CLASS = YES_ERROR;
				CLANG_WARN_QUOTED_INCLUDE_IN_FRAMEWORK_HEADER = YES;
				CLANG_WARN_RANGE_LOOP_ANALYSIS = YES;
				CLANG_WARN_STRICT_PROTOTYPES = YES;
				CLANG_WARN_SUSPICIOUS_MOVE = YES;
				CLANG_WARN_UNGUARDED_AVAILABILITY = YES_AGGRESSIVE;
				CLANG_WARN_UNREACHABLE_CODE = YES;
				CLANG_WARN__DUPLICATE_METHOD_MATCH = YES;
				COPY_PHASE_STRIP = NO;
				DEBUG_INFORMATION_FORMAT = dwarf;
				ENABLE_STRICT_OBJC_MSGSEND = YES;
				ENABLE_TESTABILITY = YES;
				GCC_C_LANGUAGE_STANDARD = gnu11;
				GCC_DYNAMIC_NO_PIC = NO;
				GCC_NO_COMMON_BLOCKS = YES;
				GCC_OPTIMIZATION_LEVEL = 0;
				GCC_PREPROCESSOR_DEFINITIONS = (
					"DEBUG=1",
					"$(inherited)",
				);
				GCC_WARN_64_TO_32_BIT_CONVERSION = YES;
				GCC_WARN_ABOUT_RETURN_TYPE = YES_ERROR;
				GCC_WARN_UNDECLARED_SELECTOR = YES;
				GCC_WARN_UNINITIALIZED_AUTOS = YES_AGGRESSIVE;
				GCC_WARN_UNUSED_FUNCTION = YES;
				GCC_WARN_UNUSED_VARIABLE = YES;
				IPHONEOS_DEPLOYMENT_TARGET = 14.4;
				MTL_ENABLE_DEBUG_INFO = INCLUDE_SOURCE;
				MTL_FAST_MATH = YES;
				ONLY_ACTIVE_ARCH = YES;
				SDKROOT = iphoneos;
				SWIFT_ACTIVE_COMPILATION_CONDITIONS = DEBUG;
				SWIFT_OPTIMIZATION_LEVEL = "-Onone";
			};
			name = Debug;
		};
		214495722627F3B500BB2441 /* Release */ = {
			isa = XCBuildConfiguration;
			buildSettings = {
				ALWAYS_SEARCH_USER_PATHS = NO;
				CLANG_ANALYZER_NONNULL = YES;
				CLANG_ANALYZER_NUMBER_OBJECT_CONVERSION = YES_AGGRESSIVE;
				CLANG_CXX_LANGUAGE_STANDARD = "gnu++14";
				CLANG_CXX_LIBRARY = "libc++";
				CLANG_ENABLE_MODULES = YES;
				CLANG_ENABLE_OBJC_ARC = YES;
				CLANG_ENABLE_OBJC_WEAK = YES;
				CLANG_WARN_BLOCK_CAPTURE_AUTORELEASING = YES;
				CLANG_WARN_BOOL_CONVERSION = YES;
				CLANG_WARN_COMMA = YES;
				CLANG_WARN_CONSTANT_CONVERSION = YES;
				CLANG_WARN_DEPRECATED_OBJC_IMPLEMENTATIONS = YES;
				CLANG_WARN_DIRECT_OBJC_ISA_USAGE = YES_ERROR;
				CLANG_WARN_DOCUMENTATION_COMMENTS = YES;
				CLANG_WARN_EMPTY_BODY = YES;
				CLANG_WARN_ENUM_CONVERSION = YES;
				CLANG_WARN_INFINITE_RECURSION = YES;
				CLANG_WARN_INT_CONVERSION = YES;
				CLANG_WARN_NON_LITERAL_NULL_CONVERSION = YES;
				CLANG_WARN_OBJC_IMPLICIT_RETAIN_SELF = YES;
				CLANG_WARN_OBJC_LITERAL_CONVERSION = YES;
				CLANG_WARN_OBJC_ROOT_CLASS = YES_ERROR;
				CLANG_WARN_QUOTED_INCLUDE_IN_FRAMEWORK_HEADER = YES;
				CLANG_WARN_RANGE_LOOP_ANALYSIS = YES;
				CLANG_WARN_STRICT_PROTOTYPES = YES;
				CLANG_WARN_SUSPICIOUS_MOVE = YES;
				CLANG_WARN_UNGUARDED_AVAILABILITY = YES_AGGRESSIVE;
				CLANG_WARN_UNREACHABLE_CODE = YES;
				CLANG_WARN__DUPLICATE_METHOD_MATCH = YES;
				COPY_PHASE_STRIP = NO;
				DEBUG_INFORMATION_FORMAT = "dwarf-with-dsym";
				ENABLE_NS_ASSERTIONS = NO;
				ENABLE_STRICT_OBJC_MSGSEND = YES;
				GCC_C_LANGUAGE_STANDARD = gnu11;
				GCC_NO_COMMON_BLOCKS = YES;
				GCC_WARN_64_TO_32_BIT_CONVERSION = YES;
				GCC_WARN_ABOUT_RETURN_TYPE = YES_ERROR;
				GCC_WARN_UNDECLARED_SELECTOR = YES;
				GCC_WARN_UNINITIALIZED_AUTOS = YES_AGGRESSIVE;
				GCC_WARN_UNUSED_FUNCTION = YES;
				GCC_WARN_UNUSED_VARIABLE = YES;
				IPHONEOS_DEPLOYMENT_TARGET = 14.4;
				MTL_ENABLE_DEBUG_INFO = NO;
				MTL_FAST_MATH = YES;
				SDKROOT = iphoneos;
				SWIFT_COMPILATION_MODE = wholemodule;
				SWIFT_OPTIMIZATION_LEVEL = "-O";
				VALIDATE_PRODUCT = YES;
			};
			name = Release;
		};
		214495742627F3B500BB2441 /* Debug */ = {
			isa = XCBuildConfiguration;
			buildSettings = {
				ASSETCATALOG_COMPILER_APPICON_NAME = AppIcon;
				ASSETCATALOG_COMPILER_GLOBAL_ACCENT_COLOR_NAME = AccentColor;
				CODE_SIGN_STYLE = Automatic;
				DEVELOPMENT_TEAM = 9Q8CYF4ZRY;
				INFOPLIST_FILE = popup/Info.plist;
				LD_RUNPATH_SEARCH_PATHS = (
					"$(inherited)",
					"@executable_path/Frameworks",
				);
				PRODUCT_BUNDLE_IDENTIFIER = com.swiftlec.popup;
				PRODUCT_NAME = "$(TARGET_NAME)";
				SWIFT_VERSION = 5.0;
				TARGETED_DEVICE_FAMILY = "1,2";
			};
			name = Debug;
		};
		214495752627F3B500BB2441 /* Release */ = {
			isa = XCBuildConfiguration;
			buildSettings = {
				ASSETCATALOG_COMPILER_APPICON_NAME = AppIcon;
				ASSETCATALOG_COMPILER_GLOBAL_ACCENT_COLOR_NAME = AccentColor;
				CODE_SIGN_STYLE = Automatic;
				DEVELOPMENT_TEAM = 9Q8CYF4ZRY;
				INFOPLIST_FILE = popup/Info.plist;
				LD_RUNPATH_SEARCH_PATHS = (
					"$(inherited)",
					"@executable_path/Frameworks",
				);
				PRODUCT_BUNDLE_IDENTIFIER = com.swiftlec.popup;
				PRODUCT_NAME = "$(TARGET_NAME)";
				SWIFT_VERSION = 5.0;
				TARGETED_DEVICE_FAMILY = "1,2";
			};
			name = Release;
		};
/* End XCBuildConfiguration section */

/* Begin XCConfigurationList section */
		2144955A2627F3B400BB2441 /* Build configuration list for PBXProject "popup" */ = {
			isa = XCConfigurationList;
			buildConfigurations = (
				214495712627F3B500BB2441 /* Debug */,
				214495722627F3B500BB2441 /* Release */,
			);
			defaultConfigurationIsVisible = 0;
			defaultConfigurationName = Release;
		};
		214495732627F3B500BB2441 /* Build configuration list for PBXNativeTarget "popup" */ = {
			isa = XCConfigurationList;
			buildConfigurations = (
				214495742627F3B500BB2441 /* Debug */,
				214495752627F3B500BB2441 /* Release */,
			);
			defaultConfigurationIsVisible = 0;
			defaultConfigurationName = Release;
		};
/* End XCConfigurationList section */
	};
	rootObject = 214495572627F3B400BB2441 /* Project object */;
}
